
Microsoft Visual Studio Solution File, Format Version 12.00
Project("{2150E333-8FDC-42A3-9474-1A3956D46DE8}") = "code", "code", "{84D69568-5229-46C1-8AF1-1EDE8C0660A1}"
EndProject
Project("{2150E333-8FDC-42A3-9474-1A3956D46DE8}") = "test", "test", "{99BBE121-6EF9-4549-B97C-B3E790B5B529}"
EndProject
Project("{2150E333-8FDC-42A3-9474-1A3956D46DE8}") = "src", "src", "{E71C27B7-A375-4D69-8667-9A6688BEC956}"
EndProject
Project("{2150E333-8FDC-42A3-9474-1A3956D46DE8}") = "test", "test", "{8AA59602-5DEE-4519-BEBE-98CCAF74E905}"
EndProject
Project("{2150E333-8FDC-42A3-9474-1A3956D46DE8}") = "Domain", "Domain", "{CDE86CD2-5CC2-49EE-B3AD-5FF94064BED1}"
EndProject
Project("{FAE04EC0-301F-11D3-BF4B-00C04F79EFBC}") = "Shop.Domain", "code\src\Domain\Shop.Domain\Shop.Domain.csproj", "{8A1DAD8A-DCBD-4B6E-AFBA-76BBF2D150D0}"
EndProject
Project("{2150E333-8FDC-42A3-9474-1A3956D46DE8}") = "Application", "Application", "{46EE8F9E-2CD4-41CC-B6B1-0FCCD3592C71}"
EndProject
Project("{2150E333-8FDC-42A3-9474-1A3956D46DE8}") = "Interface", "Interface", "{065D3C90-2D27-430F-B6AD-4B59B6E67355}"
EndProject
Project("{2150E333-8FDC-42A3-9474-1A3956D46DE8}") = "Infrastructure", "Infrastructure", "{0CD0A32B-B78A-41FE-B527-E51B1213336A}"
EndProject
Project("{FAE04EC0-301F-11D3-BF4B-00C04F79EFBC}") = "Shop.Application", "code\src\Application\Shop.Application\Shop.Application.csproj", "{8AD46AC8-7378-49E1-8A33-8EAAEAC02154}"
EndProject
Project("{FAE04EC0-301F-11D3-BF4B-00C04F79EFBC}") = "Shop.Infrastructure.Persistence.Sql", "code\src\Infrastructure\Shop.Infrastructure.Persistence.Sql\Shop.Infrastructure.Persistence.Sql.csproj", "{A593FF1A-FD24-4A71-B957-5565780D9CE2}"
EndProject
Project("{FAE04EC0-301F-11D3-BF4B-00C04F79EFBC}") = "Shop.Infrastructure", "code\src\Infrastructure\Shop.Infrastructure\Shop.Infrastructure.csproj", "{3F201593-58DC-421A-8072-800134CF75FC}"
EndProject
Project("{FAE04EC0-301F-11D3-BF4B-00C04F79EFBC}") = "Shop.RestApi", "code\src\Interface\Shop.RestApi\Shop.RestApi.csproj", "{324805DF-8587-45C1-A1C3-CF9F34DC6D58}"
EndProject
Project("{FAE04EC0-301F-11D3-BF4B-00C04F79EFBC}") = "ServiceHost", "code\src\ServiceHost\ServiceHost.csproj", "{C99A61A0-91A7-4A51-B247-5215B13986BA}"
EndProject
Project("{FAE04EC0-301F-11D3-BF4B-00C04F79EFBC}") = "Shop.Domain.Tests.Unit", "code\test\Shop.Domain.Tests.Unit\Shop.Domain.Tests.Unit.csproj", "{20830CDC-6576-4AB8-A13A-F604DEBE8A55}"
EndProject
Global
	GlobalSection(SolutionConfigurationPlatforms) = preSolution
		Debug|Any CPU = Debug|Any CPU
		Release|Any CPU = Release|Any CPU
	EndGlobalSection
	GlobalSection(NestedProjects) = preSolution
		{E71C27B7-A375-4D69-8667-9A6688BEC956} = {84D69568-5229-46C1-8AF1-1EDE8C0660A1}
		{8AA59602-5DEE-4519-BEBE-98CCAF74E905} = {84D69568-5229-46C1-8AF1-1EDE8C0660A1}
		{CDE86CD2-5CC2-49EE-B3AD-5FF94064BED1} = {E71C27B7-A375-4D69-8667-9A6688BEC956}
		{8A1DAD8A-DCBD-4B6E-AFBA-76BBF2D150D0} = {CDE86CD2-5CC2-49EE-B3AD-5FF94064BED1}
		{46EE8F9E-2CD4-41CC-B6B1-0FCCD3592C71} = {E71C27B7-A375-4D69-8667-9A6688BEC956}
		{065D3C90-2D27-430F-B6AD-4B59B6E67355} = {E71C27B7-A375-4D69-8667-9A6688BEC956}
		{0CD0A32B-B78A-41FE-B527-E51B1213336A} = {E71C27B7-A375-4D69-8667-9A6688BEC956}
		{8AD46AC8-7378-49E1-8A33-8EAAEAC02154} = {46EE8F9E-2CD4-41CC-B6B1-0FCCD3592C71}
		{A593FF1A-FD24-4A71-B957-5565780D9CE2} = {0CD0A32B-B78A-41FE-B527-E51B1213336A}
		{3F201593-58DC-421A-8072-800134CF75FC} = {0CD0A32B-B78A-41FE-B527-E51B1213336A}
		{324805DF-8587-45C1-A1C3-CF9F34DC6D58} = {065D3C90-2D27-430F-B6AD-4B59B6E67355}
		{C99A61A0-91A7-4A51-B247-5215B13986BA} = {E71C27B7-A375-4D69-8667-9A6688BEC956}
		{20830CDC-6576-4AB8-A13A-F604DEBE8A55} = {8AA59602-5DEE-4519-BEBE-98CCAF74E905}
	EndGlobalSection
	GlobalSection(ProjectConfigurationPlatforms) = postSolution
		{8A1DAD8A-DCBD-4B6E-AFBA-76BBF2D150D0}.Debug|Any CPU.ActiveCfg = Debug|Any CPU
		{8A1DAD8A-DCBD-4B6E-AFBA-76BBF2D150D0}.Debug|Any CPU.Build.0 = Debug|Any CPU
		{8A1DAD8A-DCBD-4B6E-AFBA-76BBF2D150D0}.Release|Any CPU.ActiveCfg = Release|Any CPU
		{8A1DAD8A-DCBD-4B6E-AFBA-76BBF2D150D0}.Release|Any CPU.Build.0 = Release|Any CPU
		{8AD46AC8-7378-49E1-8A33-8EAAEAC02154}.Debug|Any CPU.ActiveCfg = Debug|Any CPU
		{8AD46AC8-7378-49E1-8A33-8EAAEAC02154}.Debug|Any CPU.Build.0 = Debug|Any CPU
		{8AD46AC8-7378-49E1-8A33-8EAAEAC02154}.Release|Any CPU.ActiveCfg = Release|Any CPU
		{8AD46AC8-7378-49E1-8A33-8EAAEAC02154}.Release|Any CPU.Build.0 = Release|Any CPU
		{A593FF1A-FD24-4A71-B957-5565780D9CE2}.Debug|Any CPU.ActiveCfg = Debug|Any CPU
		{A593FF1A-FD24-4A71-B957-5565780D9CE2}.Debug|Any CPU.Build.0 = Debug|Any CPU
		{A593FF1A-FD24-4A71-B957-5565780D9CE2}.Release|Any CPU.ActiveCfg = Release|Any CPU
		{A593FF1A-FD24-4A71-B957-5565780D9CE2}.Release|Any CPU.Build.0 = Release|Any CPU
		{3F201593-58DC-421A-8072-800134CF75FC}.Debug|Any CPU.ActiveCfg = Debug|Any CPU
		{3F201593-58DC-421A-8072-800134CF75FC}.Debug|Any CPU.Build.0 = Debug|Any CPU
		{3F201593-58DC-421A-8072-800134CF75FC}.Release|Any CPU.ActiveCfg = Release|Any CPU
		{3F201593-58DC-421A-8072-800134CF75FC}.Release|Any CPU.Build.0 = Release|Any CPU
		{324805DF-8587-45C1-A1C3-CF9F34DC6D58}.Debug|Any CPU.ActiveCfg = Debug|Any CPU
		{324805DF-8587-45C1-A1C3-CF9F34DC6D58}.Debug|Any CPU.Build.0 = Debug|Any CPU
		{324805DF-8587-45C1-A1C3-CF9F34DC6D58}.Release|Any CPU.ActiveCfg = Release|Any CPU
		{324805DF-8587-45C1-A1C3-CF9F34DC6D58}.Release|Any CPU.Build.0 = Release|Any CPU
		{C99A61A0-91A7-4A51-B247-5215B13986BA}.Debug|Any CPU.ActiveCfg = Debug|Any CPU
		{C99A61A0-91A7-4A51-B247-5215B13986BA}.Debug|Any CPU.Build.0 = Debug|Any CPU
		{C99A61A0-91A7-4A51-B247-5215B13986BA}.Release|Any CPU.ActiveCfg = Release|Any CPU
		{C99A61A0-91A7-4A51-B247-5215B13986BA}.Release|Any CPU.Build.0 = Release|Any CPU
		{20830CDC-6576-4AB8-A13A-F604DEBE8A55}.Debug|Any CPU.ActiveCfg = Debug|Any CPU
		{20830CDC-6576-4AB8-A13A-F604DEBE8A55}.Debug|Any CPU.Build.0 = Debug|Any CPU
		{20830CDC-6576-4AB8-A13A-F604DEBE8A55}.Release|Any CPU.ActiveCfg = Release|Any CPU
		{20830CDC-6576-4AB8-A13A-F604DEBE8A55}.Release|Any CPU.Build.0 = Release|Any CPU
	EndGlobalSection
EndGlobal
